
Microsoft Visual Studio Solution File, Format Version 12.00
# Visual Studio Version 16
VisualStudioVersion = 16.0.30503.244
MinimumVisualStudioVersion = 10.0.40219.1
Project("{FAE04EC0-301F-11D3-BF4B-00C04F79EFBC}") = "homework-service", "homework-service.csproj", "{BE50E0E4-76CA-46CD-B6DB-BFF07765608D}"
EndProject
Global
	GlobalSection(SolutionConfigurationPlatforms) = preSolution
		Debug|Any CPU = Debug|Any CPU
		Release|Any CPU = Release|Any CPU
	EndGlobalSection
	GlobalSection(ProjectConfigurationPlatforms) = postSolution
		{BE50E0E4-76CA-46CD-B6DB-BFF07765608D}.Debug|Any CPU.ActiveCfg = Debug|Any CPU
		{BE50E0E4-76CA-46CD-B6DB-BFF07765608D}.Debug|Any CPU.Build.0 = Debug|Any CPU
		{BE50E0E4-76CA-46CD-B6DB-BFF07765608D}.Release|Any CPU.ActiveCfg = Release|Any CPU
		{BE50E0E4-76CA-46CD-B6DB-BFF07765608D}.Release|Any CPU.Build.0 = Release|Any CPU
	EndGlobalSection
	GlobalSection(SolutionProperties) = preSolution
		HideSolutionNode = FALSE
	EndGlobalSection
	GlobalSection(ExtensibilityGlobals) = postSolution
		SolutionGuid = {BA2443D2-E5EC-48A4-BF35-AF530A188B26}
	EndGlobalSection
EndGlobal
